
Microsoft Visual Studio Solution File, Format Version 12.00
# Visual Studio 14
VisualStudioVersion = 14.0.25420.1
MinimumVisualStudioVersion = 10.0.40219.1
Project("{FAE04EC0-301F-11D3-BF4B-00C04F79EFBC}") = "NunitTeste2", "NunitTeste2\NunitTeste2.csproj", "{2EFF4F8D-1F66-48B1-8B65-8A5798876A4C}"
EndProject
Project("{FAE04EC0-301F-11D3-BF4B-00C04F79EFBC}") = "NunitTeste", "NunitTeste\NunitTeste.csproj", "{669849E3-5578-495F-B5B1-9B7E0AD7DFE4}"
EndProject
Global
	GlobalSection(SolutionConfigurationPlatforms) = preSolution
		Debug|Any CPU = Debug|Any CPU
		Release|Any CPU = Release|Any CPU
	EndGlobalSection
	GlobalSection(ProjectConfigurationPlatforms) = postSolution
		{2EFF4F8D-1F66-48B1-8B65-8A5798876A4C}.Debug|Any CPU.ActiveCfg = Debug|Any CPU
		{2EFF4F8D-1F66-48B1-8B65-8A5798876A4C}.Debug|Any CPU.Build.0 = Debug|Any CPU
		{2EFF4F8D-1F66-48B1-8B65-8A5798876A4C}.Release|Any CPU.ActiveCfg = Release|Any CPU
		{2EFF4F8D-1F66-48B1-8B65-8A5798876A4C}.Release|Any CPU.Build.0 = Release|Any CPU
		{669849E3-5578-495F-B5B1-9B7E0AD7DFE4}.Debug|Any CPU.ActiveCfg = Debug|Any CPU
		{669849E3-5578-495F-B5B1-9B7E0AD7DFE4}.Debug|Any CPU.Build.0 = Debug|Any CPU
		{669849E3-5578-495F-B5B1-9B7E0AD7DFE4}.Release|Any CPU.ActiveCfg = Release|Any CPU
		{669849E3-5578-495F-B5B1-9B7E0AD7DFE4}.Release|Any CPU.Build.0 = Release|Any CPU
	EndGlobalSection
	GlobalSection(SolutionProperties) = preSolution
		HideSolutionNode = FALSE
	EndGlobalSection
EndGlobal
